
Microsoft Visual Studio Solution File, Format Version 12.00
# Visual Studio 15
VisualStudioVersion = 15.0.28307.489
MinimumVisualStudioVersion = 10.0.40219.1
Project("{FAE04EC0-301F-11D3-BF4B-00C04F79EFBC}") = "Meeting", "Meeting\Meeting.csproj", "{14D00C46-8792-46BF-A988-B0F1E084BD3B}"
EndProject
Global
	GlobalSection(SolutionConfigurationPlatforms) = preSolution
		Debug|Any CPU = Debug|Any CPU
		Release|Any CPU = Release|Any CPU
	EndGlobalSection
	GlobalSection(ProjectConfigurationPlatforms) = postSolution
		{14D00C46-8792-46BF-A988-B0F1E084BD3B}.Debug|Any CPU.ActiveCfg = Debug|Any CPU
		{14D00C46-8792-46BF-A988-B0F1E084BD3B}.Debug|Any CPU.Build.0 = Debug|Any CPU
		{14D00C46-8792-46BF-A988-B0F1E084BD3B}.Release|Any CPU.ActiveCfg = Release|Any CPU
		{14D00C46-8792-46BF-A988-B0F1E084BD3B}.Release|Any CPU.Build.0 = Release|Any CPU
	EndGlobalSection
	GlobalSection(SolutionProperties) = preSolution
		HideSolutionNode = FALSE
	EndGlobalSection
	GlobalSection(ExtensibilityGlobals) = postSolution
		SolutionGuid = {86861368-2B13-43A0-8ABC-CD427DD9E074}
	EndGlobalSection
EndGlobal
